{
  "name": "@indra.ai/deva.vector",
  "version": "0.1.5",
  "lockfileVersion": 3,
  "requires": true,
  "packages": {
    "": {
      "name": "@indra.ai/deva.vector",
      "version": "0.1.5",
      "funding": [
        {
          "type": "paypal",
          "url": "https://paypal.me/rahulaclub"
        },
        {
          "type": "patreon",
          "url": "https://patreon.com/rahulaclub"
        }
      ],
      "license": "VLA:31941953695116752336 LICENSE.md",
      "dependencies": {
        "@indra.ai/deva": "^1.12.1"
      }
    },
    "node_modules/@indra.ai/deva": {
      "version": "1.12.1",
      "resolved": "https://registry.npmjs.org/@indra.ai/deva/-/deva-1.12.1.tgz",
      "integrity": "sha512-MORvySrSZH6hTzjMezDwzoV/HC92Q0vT+O+D1vgGXtoPru7IXZ7CIkfHd/E1yzyUicwDrW3eJJ+sqUUHGSep4w==",
      "funding": [
        {
          "type": "paypal",
          "url": "https://paypal.me/rahulaclub"
        },
        {
          "type": "patreon",
          "url": "https://patreon.com/rahulaclub"
        }
      ],
      "license": "VLA:44091450722329207445 LICENSE.md",
      "engines": {
        "node": ">=18.16.0",
        "npm": ">=9.5.1"
      }
    }
  }
}
