{
  "name": "@indra.ai/deva.vector",
  "version": "0.1.0",
  "lockfileVersion": 3,
  "requires": true,
  "packages": {
    "": {
      "name": "@indra.ai/deva.vector",
      "version": "0.1.0",
      "funding": [
        {
          "type": "paypal",
          "url": "https://paypal.me/rahulaclub"
        },
        {
          "type": "patreon",
          "url": "https://patreon.com/rahulaclub"
        }
      ],
      "license": "VLA:31941953695116752336 LICENSE.md",
      "dependencies": {
        "@indra.ai/deva": "^1.9.1"
      }
    },
    "node_modules/@indra.ai/deva": {
      "version": "1.9.1",
      "resolved": "https://registry.npmjs.org/@indra.ai/deva/-/deva-1.9.1.tgz",
      "integrity": "sha512-ANuHJogpvak3TOBwDt6gxfgfJzS5n8KiezE2Lsl6I5ydh8YwXOrnJQjNz9F4R0LLa/iszW//K7+l42qUTNHOZA==",
      "funding": [
        {
          "type": "paypal",
          "url": "https://paypal.me/rahulaclub"
        },
        {
          "type": "patreon",
          "url": "https://patreon.com/rahulaclub"
        }
      ],
      "license": "VLA:44091450722329207445 LICENSE.md",
      "engines": {
        "node": ">=18.16.0",
        "npm": ">=9.5.1"
      }
    }
  }
}
