{
  "name": "@indra.ai/deva.vector",
  "version": "0.10.0",
  "lockfileVersion": 3,
  "requires": true,
  "packages": {
    "": {
      "name": "@indra.ai/deva.vector",
      "version": "0.10.0",
      "funding": [
        {
          "type": "paypal",
          "url": "https://paypal.me/rahulaclub"
        },
        {
          "type": "patreon",
          "url": "https://patreon.com/rahulaclub"
        }
      ],
      "license": "VLA:16080104043937940977 LICENSE.md",
      "dependencies": {
        "@indra.ai/deva": "^1.33.0"
      }
    },
    "node_modules/@indra.ai/deva": {
      "version": "1.33.0",
      "resolved": "https://registry.npmjs.org/@indra.ai/deva/-/deva-1.33.0.tgz",
      "integrity": "sha512-VwR8+qtxoF/sWPL6YfDbw8DEAodhqc7pAjEKv74JyWdvKdgHDI76ungHXpgRdovsdfQ1NATOux/gtaVzJB5ZTQ==",
      "funding": [
        {
          "type": "paypal",
          "url": "https://paypal.me/rahulaclub"
        },
        {
          "type": "patreon",
          "url": "https://patreon.com/rahulaclub"
        }
      ],
      "license": "VLA:71393644869653248038 LICENSE.md",
      "engines": {
        "node": ">=18.16.0",
        "npm": ">=9.5.1"
      }
    }
  }
}
